
Microsoft Visual Studio Solution File, Format Version 12.00
# Visual Studio 2013
VisualStudioVersion = 12.0.40629.0
MinimumVisualStudioVersion = 10.0.40219.1
Project("{FAE04EC0-301F-11D3-BF4B-00C04F79EFBC}") = "GT.CS6460.BuddyUp.WebApi", "GT.CS6460.BuddyUp.WebApi\GT.CS6460.BuddyUp.WebApi.csproj", "{47BB1BC2-D2D9-40E6-AF9B-9C56BF450378}"
EndProject
Project("{FAE04EC0-301F-11D3-BF4B-00C04F79EFBC}") = "GT.CS6460.BuddyUp.EntityModel.BuddyUpDb", "GT.CS6460.BuddyUp.EntityModel.BuddyUpDb\GT.CS6460.BuddyUp.EntityModel.BuddyUpDb.csproj", "{2986E7DA-7441-47AF-941F-AF58A7D23DF0}"
EndProject
Global
	GlobalSection(SolutionConfigurationPlatforms) = preSolution
		Debug|Any CPU = Debug|Any CPU
		Release|Any CPU = Release|Any CPU
	EndGlobalSection
	GlobalSection(ProjectConfigurationPlatforms) = postSolution
		{47BB1BC2-D2D9-40E6-AF9B-9C56BF450378}.Debug|Any CPU.ActiveCfg = Debug|Any CPU
		{47BB1BC2-D2D9-40E6-AF9B-9C56BF450378}.Debug|Any CPU.Build.0 = Debug|Any CPU
		{47BB1BC2-D2D9-40E6-AF9B-9C56BF450378}.Release|Any CPU.ActiveCfg = Release|Any CPU
		{47BB1BC2-D2D9-40E6-AF9B-9C56BF450378}.Release|Any CPU.Build.0 = Release|Any CPU
		{2986E7DA-7441-47AF-941F-AF58A7D23DF0}.Debug|Any CPU.ActiveCfg = Debug|Any CPU
		{2986E7DA-7441-47AF-941F-AF58A7D23DF0}.Debug|Any CPU.Build.0 = Debug|Any CPU
		{2986E7DA-7441-47AF-941F-AF58A7D23DF0}.Release|Any CPU.ActiveCfg = Release|Any CPU
		{2986E7DA-7441-47AF-941F-AF58A7D23DF0}.Release|Any CPU.Build.0 = Release|Any CPU
	EndGlobalSection
	GlobalSection(SolutionProperties) = preSolution
		HideSolutionNode = FALSE
	EndGlobalSection
EndGlobal
