
Microsoft Visual Studio Solution File, Format Version 12.00
# Visual Studio 2013
VisualStudioVersion = 12.0.40629.0
MinimumVisualStudioVersion = 10.0.40219.1
Project("{FAE04EC0-301F-11D3-BF4B-00C04F79EFBC}") = "GT.CS6460.BuddyUp.WebApi", "GT.CS6460.BuddyUp.WebApi\GT.CS6460.BuddyUp.WebApi.csproj", "{47BB1BC2-D2D9-40E6-AF9B-9C56BF450378}"
EndProject
Project("{FAE04EC0-301F-11D3-BF4B-00C04F79EFBC}") = "GT.CS6460.BuddyUp.Platform.Common", "GT.CS6460.BuddyUp.Platform.Common\GT.CS6460.BuddyUp.Platform.Common.csproj", "{ABA4C97C-740C-46BE-ACF0-A4F13B648AD9}"
EndProject
Project("{FAE04EC0-301F-11D3-BF4B-00C04F79EFBC}") = "GT.CS6460.BuddyUp.Platform.Repository", "GT.CS6460.BuddyUp.Platform.Repository\GT.CS6460.BuddyUp.Platform.Repository.csproj", "{6E7DAD31-7636-41B7-8156-329F1BE4C887}"
EndProject
Project("{FAE04EC0-301F-11D3-BF4B-00C04F79EFBC}") = "GT.CS6460.BuddyUp.DomainDto", "GT.CS6460.BuddyUp.DomainDto\GT.CS6460.BuddyUp.DomainDto.csproj", "{E78262FE-4A14-468E-A300-05EE5C071A75}"
EndProject
Project("{FAE04EC0-301F-11D3-BF4B-00C04F79EFBC}") = "GT.CS6460.BuddyUp.Controllers", "GT.CS6460.BuddyUp.Controllers\GT.CS6460.BuddyUp.Controllers.csproj", "{D68A4E58-84DB-4ADF-AC42-B0D570F502C5}"
	ProjectSection(ProjectDependencies) = postProject
		{6E7DAD31-7636-41B7-8156-329F1BE4C887} = {6E7DAD31-7636-41B7-8156-329F1BE4C887}
		{2986E7DA-7441-47AF-941F-AF58A7D23DF0} = {2986E7DA-7441-47AF-941F-AF58A7D23DF0}
	EndProjectSection
EndProject
Project("{FAE04EC0-301F-11D3-BF4B-00C04F79EFBC}") = "GT.CS6460.BuddyUp.DomainModel", "GT.CS6460.BuddyUp.DomainModel\GT.CS6460.BuddyUp.DomainModel.csproj", "{33CC0888-C67E-4B88-86C1-94C1F6A43C94}"
EndProject
Project("{FAE04EC0-301F-11D3-BF4B-00C04F79EFBC}") = "GT.CS6460.BuddyUp.EntityModel", "GT.CS6460.BuddyUp.EntityModel\GT.CS6460.BuddyUp.EntityModel.csproj", "{2986E7DA-7441-47AF-941F-AF58A7D23DF0}"
EndProject
Global
	GlobalSection(SolutionConfigurationPlatforms) = preSolution
		Debug|Any CPU = Debug|Any CPU
		Release|Any CPU = Release|Any CPU
	EndGlobalSection
	GlobalSection(ProjectConfigurationPlatforms) = postSolution
		{47BB1BC2-D2D9-40E6-AF9B-9C56BF450378}.Debug|Any CPU.ActiveCfg = Debug|Any CPU
		{47BB1BC2-D2D9-40E6-AF9B-9C56BF450378}.Debug|Any CPU.Build.0 = Debug|Any CPU
		{47BB1BC2-D2D9-40E6-AF9B-9C56BF450378}.Release|Any CPU.ActiveCfg = Release|Any CPU
		{47BB1BC2-D2D9-40E6-AF9B-9C56BF450378}.Release|Any CPU.Build.0 = Release|Any CPU
		{ABA4C97C-740C-46BE-ACF0-A4F13B648AD9}.Debug|Any CPU.ActiveCfg = Debug|Any CPU
		{ABA4C97C-740C-46BE-ACF0-A4F13B648AD9}.Debug|Any CPU.Build.0 = Debug|Any CPU
		{ABA4C97C-740C-46BE-ACF0-A4F13B648AD9}.Release|Any CPU.ActiveCfg = Release|Any CPU
		{ABA4C97C-740C-46BE-ACF0-A4F13B648AD9}.Release|Any CPU.Build.0 = Release|Any CPU
		{6E7DAD31-7636-41B7-8156-329F1BE4C887}.Debug|Any CPU.ActiveCfg = Debug|Any CPU
		{6E7DAD31-7636-41B7-8156-329F1BE4C887}.Debug|Any CPU.Build.0 = Debug|Any CPU
		{6E7DAD31-7636-41B7-8156-329F1BE4C887}.Release|Any CPU.ActiveCfg = Release|Any CPU
		{6E7DAD31-7636-41B7-8156-329F1BE4C887}.Release|Any CPU.Build.0 = Release|Any CPU
		{E78262FE-4A14-468E-A300-05EE5C071A75}.Debug|Any CPU.ActiveCfg = Debug|Any CPU
		{E78262FE-4A14-468E-A300-05EE5C071A75}.Debug|Any CPU.Build.0 = Debug|Any CPU
		{E78262FE-4A14-468E-A300-05EE5C071A75}.Release|Any CPU.ActiveCfg = Release|Any CPU
		{E78262FE-4A14-468E-A300-05EE5C071A75}.Release|Any CPU.Build.0 = Release|Any CPU
		{D68A4E58-84DB-4ADF-AC42-B0D570F502C5}.Debug|Any CPU.ActiveCfg = Debug|Any CPU
		{D68A4E58-84DB-4ADF-AC42-B0D570F502C5}.Debug|Any CPU.Build.0 = Debug|Any CPU
		{D68A4E58-84DB-4ADF-AC42-B0D570F502C5}.Release|Any CPU.ActiveCfg = Release|Any CPU
		{D68A4E58-84DB-4ADF-AC42-B0D570F502C5}.Release|Any CPU.Build.0 = Release|Any CPU
		{33CC0888-C67E-4B88-86C1-94C1F6A43C94}.Debug|Any CPU.ActiveCfg = Debug|Any CPU
		{33CC0888-C67E-4B88-86C1-94C1F6A43C94}.Debug|Any CPU.Build.0 = Debug|Any CPU
		{33CC0888-C67E-4B88-86C1-94C1F6A43C94}.Release|Any CPU.ActiveCfg = Release|Any CPU
		{33CC0888-C67E-4B88-86C1-94C1F6A43C94}.Release|Any CPU.Build.0 = Release|Any CPU
		{2986E7DA-7441-47AF-941F-AF58A7D23DF0}.Debug|Any CPU.ActiveCfg = Debug|Any CPU
		{2986E7DA-7441-47AF-941F-AF58A7D23DF0}.Debug|Any CPU.Build.0 = Debug|Any CPU
		{2986E7DA-7441-47AF-941F-AF58A7D23DF0}.Release|Any CPU.ActiveCfg = Release|Any CPU
		{2986E7DA-7441-47AF-941F-AF58A7D23DF0}.Release|Any CPU.Build.0 = Release|Any CPU
	EndGlobalSection
	GlobalSection(SolutionProperties) = preSolution
		HideSolutionNode = FALSE
	EndGlobalSection
EndGlobal
